<Solution>
  <Folder Name="/docker/">
    <File Path="docker-compose.yml" />
  </Folder>
  <Folder Name="/docs/" />
  <Folder Name="/docs/ADR/" />
  <Folder Name="/docs/Architecture/" />
  <Folder Name="/docs/C4/" />
  <Folder Name="/docs/Images/" />
  <Folder Name="/docs/Sequence/" />
  <Folder Name="/scripts/">
    <File Path="build.ps1" />
    <File Path="clean.ps1" />
    <File Path="run.ps1" />
  </Folder>
  <Folder Name="/Solution Items/">
    <File Path=".editorconfig" />
    <File Path="Directory.Build.props" />
    <File Path="Directory.Packages.props" />
    <File Path="README.md" />
  </Folder>
  <Folder Name="/src/" />
  <Folder Name="/src/BuildingBlocks/">
    <Project Path="D:/Apps/Source Repos/PSP-Topup-Challenge/PSP.SharedKernel/PSP.SharedKernel.csproj" Id="90ce892b-e784-467b-b8b3-be007db419b8" />
    <Project Path="PSP.Contracts/PSP.Contracts.csproj" />
  </Folder>
  <Folder Name="/src/Gateway/">
    <Project Path="PSP.Gateway.Api/PSP.Gateway.Api.csproj" Id="933e1ece-e380-45bb-979d-dfd0686f519d" />
  </Folder>
  <Folder Name="/src/Mocks/">
    <Project Path="PSP.Mock.Bank.Api/PSP.Mock.Bank.Api.csproj" Id="9f70a1cf-2838-4b64-b165-d8c83f6aa7fa" />
    <Project Path="PSP.Mock.MCI.Api/PSP.Mock.MCI.Api.csproj" Id="7216f0d8-9904-4e8c-b405-bed5d6413400" />
  </Folder>
  <Folder Name="/src/Services/" />
  <Folder Name="/src/Services/Payment/" />
  <Folder Name="/src/Services/Topup/">
    <Project Path="PSP.Topup.Api/PSP.Topup.Api.csproj" Id="0c50f099-1a5f-4148-ab05-dcc9256b65c1" />
    <Project Path="PSP.Topup.Application/PSP.Topup.Application.csproj" Id="4ae90d5b-921f-441a-bb80-63a15739b54a" />
    <Project Path="PSP.Topup.Domain/PSP.Topup.Domain.csproj" Id="6a1d7487-52bd-4c85-b42c-f13957ef78e3" />
    <Project Path="PSP.Topup.Infrastructure/PSP.Topup.Infrastructure.csproj" Id="9210154e-990b-4207-8c2e-743c4393c41d" />
    <Project Path="PSP.Topup.Persistence/PSP.Topup.Persistence.csproj" Id="d11e6ae4-7ddf-4404-8116-d0f3e8f7bca7" />
  </Folder>
  <Folder Name="/tests/" />
</Solution>
