<Solution>
  <Folder Name="/docker/">
    <File Path="docker-compose.yml" />
  </Folder>
  <Folder Name="/docs/" />
  <Folder Name="/docs/ADR/">
    <File Path="001-clean-architecture.md" />
    <File Path="002-yarp-gateway.md" />
    <File Path="003-mock-services.md" />
  </Folder>
  <Folder Name="/docs/Architecture/">
    <File Path="architecture.md" />
  </Folder>
  <Folder Name="/docs/C4/">
    <File Path="Component.md" />
    <File Path="Container.md" />
    <File Path="Context.md" />
  </Folder>
  <Folder Name="/docs/Images/" />
  <Folder Name="/docs/UML/" />
  <Folder Name="/docs/UML/Activity/">
    <File Path="payment.md" />
    <File Path="topup.md" />
  </Folder>
  <Folder Name="/docs/UML/Class/">
    <File Path="domain.md" />
  </Folder>
  <Folder Name="/docs/UML/Sequence/">
    <File Path="end-to-end.md" />
    <File Path="payment-failed.md" />
    <File Path="payment-flow.md" />
    <File Path="payment-success.md" />
    <File Path="topup-failed.md" />
    <File Path="topup-success.md" />
  </Folder>
  <Folder Name="/docs/UML/StateMachine/">
    <File Path="payment-status.md" />
  </Folder>
  <Folder Name="/docs/UML/UseCase/">
    <File Path="payment-usecase.md" />
    <File Path="topup-usecase.md" />
  </Folder>
  <Folder Name="/scripts/">
    <File Path="build.ps1" />
    <File Path="clean.ps1" />
    <File Path="run.ps1" />
  </Folder>
  <Folder Name="/Solution Items/">
    <File Path=".editorconfig" />
    <File Path="Directory.Build.props" />
    <File Path="Directory.Packages.props" />
    <File Path="README.md" />
  </Folder>
  <Folder Name="/src/" />
  <Folder Name="/src/BuildingBlocks/">
    <Project Path="D:/Apps/Source Repos/PSP-Topup-Challenge/PSP.SharedKernel/PSP.SharedKernel.csproj" Id="90ce892b-e784-467b-b8b3-be007db419b8" />
    <Project Path="PSP.Contracts/PSP.Contracts.csproj" />
    <Project Path="PSP.Messaging/PSP.Messaging.csproj" Id="66065185-2cdc-4b36-824b-c5f6b29948b0" />
  </Folder>
  <Folder Name="/src/Gateway/">
    <Project Path="PSP.Gateway.Api/PSP.Gateway.Api.csproj" Id="933e1ece-e380-45bb-979d-dfd0686f519d" />
  </Folder>
  <Folder Name="/src/Mocks/">
    <Project Path="PSP.Mock.Bank.Api/PSP.Mock.Bank.Api.csproj" Id="9f70a1cf-2838-4b64-b165-d8c83f6aa7fa" />
    <Project Path="PSP.Mock.MCI.Api/PSP.Mock.MCI.Api.csproj" Id="7216f0d8-9904-4e8c-b405-bed5d6413400" />
    <Project Path="PSP.Mock.Irancell.Api/PSP.Mock.Irancell.Api.csproj" Id="a1b2c3d4-e5f6-7890-abcd-ef1234567890" />
  </Folder>
  <Folder Name="/src/Services/" />
  <Folder Name="/src/Services/Payment/">
    <Project Path="PSP.Payment.Api/PSP.Payment.Api.csproj" Id="27c58d5e-632c-42fb-9daa-f41129c9b33e" />
    <Project Path="PSP.Payment.Application/PSP.Payment.Application.csproj" Id="c3d71df6-280e-4ee3-8e28-ea9d0b122df8" />
    <Project Path="PSP.Payment.Domain/PSP.Payment.Domain.csproj" Id="dff61fe7-e5dc-4a44-bb83-ca0dc173d6ec" />
    <Project Path="PSP.Payment.Infrastructure/PSP.Payment.Infrastructure.csproj" Id="07bb9578-2a0e-4820-8738-e08d15dedc29" />
    <Project Path="PSP.Payment.Persistence/PSP.Payment.Persistence.csproj" Id="5c65e5ec-715f-42af-ae45-11d51835dce0" />
  </Folder>
  <Folder Name="/src/Services/Topup/">
    <Project Path="PSP.Topup.Api/PSP.Topup.Api.csproj" Id="0c50f099-1a5f-4148-ab05-dcc9256b65c1" />
    <Project Path="PSP.Topup.Application/PSP.Topup.Application.csproj" Id="4ae90d5b-921f-441a-bb80-63a15739b54a" />
    <Project Path="PSP.Topup.Domain/PSP.Topup.Domain.csproj" Id="6a1d7487-52bd-4c85-b42c-f13957ef78e3" />
    <Project Path="PSP.Topup.Infrastructure/PSP.Topup.Infrastructure.csproj" Id="9210154e-990b-4207-8c2e-743c4393c41d" />
    <Project Path="PSP.Topup.Persistence/PSP.Topup.Persistence.csproj" Id="d11e6ae4-7ddf-4404-8116-d0f3e8f7bca7" />
  </Folder>
  <Folder Name="/tests/">
    <Project Path="PSP.UnitTests/PSP.UnitTests.csproj" Id="0ccc951a-b1fa-48be-ad2a-8108dfa95dbb" />
  </Folder>
</Solution>
